
Microsoft Visual Studio Solution File, Format Version 12.00
# Visual Studio Version 16
VisualStudioVersion = 16.0.29025.244
MinimumVisualStudioVersion = 10.0.40219.1
Project("{FAE04EC0-301F-11D3-BF4B-00C04F79EFBC}") = "OneMoreStepToLoveYou", "OneMoreStepToLoveYou\OneMoreStepToLoveYou.csproj", "{F6054261-6B6F-4B6F-AD7E-E259B48289B7}"
EndProject
Global
	GlobalSection(SolutionConfigurationPlatforms) = preSolution
		Debug|x86 = Debug|x86
		Release|x86 = Release|x86
	EndGlobalSection
	GlobalSection(ProjectConfigurationPlatforms) = postSolution
		{F6054261-6B6F-4B6F-AD7E-E259B48289B7}.Debug|x86.ActiveCfg = Debug|x86
		{F6054261-6B6F-4B6F-AD7E-E259B48289B7}.Debug|x86.Build.0 = Debug|x86
		{F6054261-6B6F-4B6F-AD7E-E259B48289B7}.Release|x86.ActiveCfg = Release|x86
		{F6054261-6B6F-4B6F-AD7E-E259B48289B7}.Release|x86.Build.0 = Release|x86
	EndGlobalSection
	GlobalSection(SolutionProperties) = preSolution
		HideSolutionNode = FALSE
	EndGlobalSection
	GlobalSection(ExtensibilityGlobals) = postSolution
		SolutionGuid = {44C3A60B-A366-4F6E-8242-C836DB585E06}
	EndGlobalSection
EndGlobal
